// !$*UTF8*$!
{
	archiveVersion = 1;
	classes = {
	};
	objectVersion = 46;
	objects = {

/* Begin PBXBuildFile section */
		A08008841C6DB25000DA9C58 /* AppDelegate.swift in Sources */ = {isa = PBXBuildFile; fileRef = A08008831C6DB25000DA9C58 /* AppDelegate.swift */; };
		A08008861C6DB25000DA9C58 /* ViewController.swift in Sources */ = {isa = PBXBuildFile; fileRef = A08008851C6DB25000DA9C58 /* ViewController.swift */; };
		A08008891C6DB25000DA9C58 /* Main.storyboard in Resources */ = {isa = PBXBuildFile; fileRef = A08008871C6DB25000DA9C58 /* Main.storyboard */; };
		A080088B1C6DB25000DA9C58 /* Assets.xcassets in Resources */ = {isa = PBXBuildFile; fileRef = A080088A1C6DB25000DA9C58 /* Assets.xcassets */; };
		A080088E1C6DB25000DA9C58 /* LaunchScreen.storyboard in Resources */ = {isa = PBXBuildFile; fileRef = A080088C1C6DB25000DA9C58 /* LaunchScreen.storyboard */; };
/* End PBXBuildFile section */

/* Begin PBXFileReference section */
		A08008801C6DB25000DA9C58 /* PruebaSwift.app */ = {isa = PBXFileReference; explicitFileType = wrapper.application; includeInIndex = 0; path = PruebaSwift.app; sourceTree = BUILT_PRODUCTS_DIR; };
		A08008831C6DB25000DA9C58 /* AppDelegate.swift */ = {isa = PBXFileReference; lastKnownFileType = sourcecode.swift; path = AppDelegate.swift; sourceTree = "<group>"; };
		A08008851C6DB25000DA9C58 /* ViewController.swift */ = {isa = PBXFileReference; lastKnownFileType = sourcecode.swift; path = ViewController.swift; sourceTree = "<group>"; };
		A08008881C6DB25000DA9C58 /* Base */ = {isa = PBXFileReference; lastKnownFileType = file.storyboard; name = Base; path = Base.lproj/Main.storyboard; sourceTree = "<group>"; };
		A080088A1C6DB25000DA9C58 /* Assets.xcassets */ = {isa = PBXFileReference; lastKnownFileType = folder.assetcatalog; path = Assets.xcassets; sourceTree = "<group>"; };
		A080088D1C6DB25000DA9C58 /* Base */ = {isa = PBXFileReference; lastKnownFileType = file.storyboard; name = Base; path = Base.lproj/LaunchScreen.storyboard; sourceTree = "<group>"; };
		A080088F1C6DB25000DA9C58 /* Info.plist */ = {isa = PBXFileReference; lastKnownFileType = text.plist.xml; path = Info.plist; sourceTree = "<group>"; };
/* End PBXFileReference section */

/* Begin PBXFrameworksBuildPhase section */
		A080087D1C6DB25000DA9C58 /* Frameworks */ = {
			isa = PBXFrameworksBuildPhase;
			buildActionMask = 2147483647;
			files = (
			);
			runOnlyForDeploymentPostprocessing = 0;
		};
/* End PBXFrameworksBuildPhase section */

/* Begin PBXGroup section */
		A08008771C6DB25000DA9C58 = {
			isa = PBXGroup;
			children = (
				A08008821C6DB25000DA9C58 /* PruebaSwift */,
				A08008811C6DB25000DA9C58 /* Products */,
			);
			sourceTree = "<group>";
		};
		A08008811C6DB25000DA9C58 /* Products */ = {
			isa = PBXGroup;
			children = (
				A08008801C6DB25000DA9C58 /* PruebaSwift.app */,
			);
			name = Products;
			sourceTree = "<group>";
		};
		A08008821C6DB25000DA9C58 /* PruebaSwift */ = {
			isa = PBXGroup;
			children = (
				A08008831C6DB25000DA9C58 /* AppDelegate.swift */,
				A08008851C6DB25000DA9C58 /* ViewController.swift */,
				A08008871C6DB25000DA9C58 /* Main.storyboard */,
				A080088A1C6DB25000DA9C58 /* Assets.xcassets */,
				A080088C1C6DB25000DA9C58 /* LaunchScreen.storyboard */,
				A080088F1C6DB25000DA9C58 /* Info.plist */,
			);
			path = PruebaSwift;
			sourceTree = "<group>";
		};
/* End PBXGroup section */

/* Begin PBXNativeTarget section */
		A080087F1C6DB25000DA9C58 /* PruebaSwift */ = {
			isa = PBXNativeTarget;
			buildConfigurationList = A08008921C6DB25000DA9C58 /* Build configuration list for PBXNativeTarget "PruebaSwift" */;
			buildPhases = (
				A080087C1C6DB25000DA9C58 /* Sources */,
				A080087D1C6DB25000DA9C58 /* Frameworks */,
				A080087E1C6DB25000DA9C58 /* Resources */,
			);
			buildRules = (
			);
			dependencies = (
			);
			name = PruebaSwift;
			productName = PruebaSwift;
			productReference = A08008801C6DB25000DA9C58 /* PruebaSwift.app */;
			productType = "com.apple.product-type.application";
		};
/* End PBXNativeTarget section */

/* Begin PBXProject section */
		A08008781C6DB25000DA9C58 /* Project object */ = {
			isa = PBXProject;
			attributes = {
				LastSwiftUpdateCheck = 0720;
				LastUpgradeCheck = 0720;
				ORGANIZATIONNAME = Nopal;
				TargetAttributes = {
					A080087F1C6DB25000DA9C58 = {
						CreatedOnToolsVersion = 7.2.1;
					};
				};
			};
			buildConfigurationList = A080087B1C6DB25000DA9C58 /* Build configuration list for PBXProject "PruebaSwift" */;
			compatibilityVersion = "Xcode 3.2";
			developmentRegion = English;
			hasScannedForEncodings = 0;
			knownRegions = (
				en,
				Base,
			);
			mainGroup = A08008771C6DB25000DA9C58;
			productRefGroup = A08008811C6DB25000DA9C58 /* Products */;
			projectDirPath = "";
			projectRoot = "";
			targets = (
				A080087F1C6DB25000DA9C58 /* PruebaSwift */,
			);
		};
/* End PBXProject section */

/* Begin PBXResourcesBuildPhase section */
		A080087E1C6DB25000DA9C58 /* Resources */ = {
			isa = PBXResourcesBuildPhase;
			buildActionMask = 2147483647;
			files = (
				A080088E1C6DB25000DA9C58 /* LaunchScreen.storyboard in Resources */,
				A080088B1C6DB25000DA9C58 /* Assets.xcassets in Resources */,
				A08008891C6DB25000DA9C58 /* Main.storyboard in Resources */,
			);
			runOnlyForDeploymentPostprocessing = 0;
		};
/* End PBXResourcesBuildPhase section */

/* Begin PBXSourcesBuildPhase section */
		A080087C1C6DB25000DA9C58 /* Sources */ = {
			isa = PBXSourcesBuildPhase;
			buildActionMask = 2147483647;
			files = (
				A08008861C6DB25000DA9C58 /* ViewController.swift in Sources */,
				A08008841C6DB25000DA9C58 /* AppDelegate.swift in Sources */,
			);
			runOnlyForDeploymentPostprocessing = 0;
		};
/* End PBXSourcesBuildPhase section */

/* Begin PBXVariantGroup section */
		A08008871C6DB25000DA9C58 /* Main.storyboard */ = {
			isa = PBXVariantGroup;
			children = (
				A08008881C6DB25000DA9C58 /* Base */,
			);
			name = Main.storyboard;
			sourceTree = "<group>";
		};
		A080088C1C6DB25000DA9C58 /* LaunchScreen.storyboard */ = {
			isa = PBXVariantGroup;
			children = (
				A080088D1C6DB25000DA9C58 /* Base */,
			);
			name = LaunchScreen.storyboard;
			sourceTree = "<group>";
		};
/* End PBXVariantGroup section */

/* Begin XCBuildConfiguration section */
		A08008901C6DB25000DA9C58 /* Debug */ = {
			isa = XCBuildConfiguration;
			buildSettings = {
				ALWAYS_SEARCH_USER_PATHS = NO;
				CLANG_CXX_LANGUAGE_STANDARD = "gnu++0x";
				CLANG_CXX_LIBRARY = "libc++";
				CLANG_ENABLE_MODULES = YES;
				CLANG_ENABLE_OBJC_ARC = YES;
				CLANG_WARN_BOOL_CONVERSION = YES;
				CLANG_WARN_CONSTANT_CONVERSION = YES;
				CLANG_WARN_DIRECT_OBJC_ISA_USAGE = YES_ERROR;
				CLANG_WARN_EMPTY_BODY = YES;
				CLANG_WARN_ENUM_CONVERSION = YES;
				CLANG_WARN_INT_CONVERSION = YES;
				CLANG_WARN_OBJC_ROOT_CLASS = YES_ERROR;
				CLANG_WARN_UNREACHABLE_CODE = YES;
				CLANG_WARN__DUPLICATE_METHOD_MATCH = YES;
				"CODE_SIGN_IDENTITY[sdk=iphoneos*]" = "iPhone Developer";
				COPY_PHASE_STRIP = NO;
				DEBUG_INFORMATION_FORMAT = dwarf;
				ENABLE_STRICT_OBJC_MSGSEND = YES;
				ENABLE_TESTABILITY = YES;
				GCC_C_LANGUAGE_STANDARD = gnu99;
				GCC_DYNAMIC_NO_PIC = NO;
				GCC_NO_COMMON_BLOCKS = YES;
				GCC_OPTIMIZATION_LEVEL = 0;
				GCC_PREPROCESSOR_DEFINITIONS = (
					"DEBUG=1",
					"$(inherited)",
				);
				GCC_WARN_64_TO_32_BIT_CONVERSION = YES;
				GCC_WARN_ABOUT_RETURN_TYPE = YES_ERROR;
				GCC_WARN_UNDECLARED_SELECTOR = YES;
				GCC_WARN_UNINITIALIZED_AUTOS = YES_AGGRESSIVE;
				GCC_WARN_UNUSED_FUNCTION = YES;
				GCC_WARN_UNUSED_VARIABLE = YES;
				IPHONEOS_DEPLOYMENT_TARGET = 9.2;
				MTL_ENABLE_DEBUG_INFO = YES;
				ONLY_ACTIVE_ARCH = YES;
				SDKROOT = iphoneos;
				SWIFT_OPTIMIZATION_LEVEL = "-Onone";
			};
			name = Debug;
		};
		A08008911C6DB25000DA9C58 /* Release */ = {
			isa = XCBuildConfiguration;
			buildSettings = {
				ALWAYS_SEARCH_USER_PATHS = NO;
				CLANG_CXX_LANGUAGE_STANDARD = "gnu++0x";
				CLANG_CXX_LIBRARY = "libc++";
				CLANG_ENABLE_MODULES = YES;
				CLANG_ENABLE_OBJC_ARC = YES;
				CLANG_WARN_BOOL_CONVERSION = YES;
				CLANG_WARN_CONSTANT_CONVERSION = YES;
				CLANG_WARN_DIRECT_OBJC_ISA_USAGE = YES_ERROR;
				CLANG_WARN_EMPTY_BODY = YES;
				CLANG_WARN_ENUM_CONVERSION = YES;
				CLANG_WARN_INT_CONVERSION = YES;
				CLANG_WARN_OBJC_ROOT_CLASS = YES_ERROR;
				CLANG_WARN_UNREACHABLE_CODE = YES;
				CLANG_WARN__DUPLICATE_METHOD_MATCH = YES;
				"CODE_SIGN_IDENTITY[sdk=iphoneos*]" = "iPhone Developer";
				COPY_PHASE_STRIP = NO;
				DEBUG_INFORMATION_FORMAT = "dwarf-with-dsym";
				ENABLE_NS_ASSERTIONS = NO;
				ENABLE_STRICT_OBJC_MSGSEND = YES;
				GCC_C_LANGUAGE_STANDARD = gnu99;
				GCC_NO_COMMON_BLOCKS = YES;
				GCC_WARN_64_TO_32_BIT_CONVERSION = YES;
				GCC_WARN_ABOUT_RETURN_TYPE = YES_ERROR;
				GCC_WARN_UNDECLARED_SELECTOR = YES;
				GCC_WARN_UNINITIALIZED_AUTOS = YES_AGGRESSIVE;
				GCC_WARN_UNUSED_FUNCTION = YES;
				GCC_WARN_UNUSED_VARIABLE = YES;
				IPHONEOS_DEPLOYMENT_TARGET = 9.2;
				MTL_ENABLE_DEBUG_INFO = NO;
				SDKROOT = iphoneos;
				VALIDATE_PRODUCT = YES;
			};
			name = Release;
		};
		A08008931C6DB25000DA9C58 /* Debug */ = {
			isa = XCBuildConfiguration;
			buildSettings = {
				ASSETCATALOG_COMPILER_APPICON_NAME = AppIcon;
				INFOPLIST_FILE = PruebaSwift/Info.plist;
				LD_RUNPATH_SEARCH_PATHS = "$(inherited) @executable_path/Frameworks";
				PRODUCT_BUNDLE_IDENTIFIER = com.Nopal.PruebaSwift;
				PRODUCT_NAME = "$(TARGET_NAME)";
			};
			name = Debug;
		};
		A08008941C6DB25000DA9C58 /* Release */ = {
			isa = XCBuildConfiguration;
			buildSettings = {
				ASSETCATALOG_COMPILER_APPICON_NAME = AppIcon;
				INFOPLIST_FILE = PruebaSwift/Info.plist;
				LD_RUNPATH_SEARCH_PATHS = "$(inherited) @executable_path/Frameworks";
				PRODUCT_BUNDLE_IDENTIFIER = com.Nopal.PruebaSwift;
				PRODUCT_NAME = "$(TARGET_NAME)";
			};
			name = Release;
		};
/* End XCBuildConfiguration section */

/* Begin XCConfigurationList section */
		A080087B1C6DB25000DA9C58 /* Build configuration list for PBXProject "PruebaSwift" */ = {
			isa = XCConfigurationList;
			buildConfigurations = (
				A08008901C6DB25000DA9C58 /* Debug */,
				A08008911C6DB25000DA9C58 /* Release */,
			);
			defaultConfigurationIsVisible = 0;
			defaultConfigurationName = Release;
		};
		A08008921C6DB25000DA9C58 /* Build configuration list for PBXNativeTarget "PruebaSwift" */ = {
			isa = XCConfigurationList;
			buildConfigurations = (
				A08008931C6DB25000DA9C58 /* Debug */,
				A08008941C6DB25000DA9C58 /* Release */,
			);
			defaultConfigurationIsVisible = 0;
		};
/* End XCConfigurationList section */
	};
	rootObject = A08008781C6DB25000DA9C58 /* Project object */;
}
